
Microsoft Visual Studio Solution File, Format Version 11.00
# Visual Studio 2010
Project("{FAE04EC0-301F-11D3-BF4B-00C04F79EFBC}") = "GeneticEnginePrototype", "GeneticEnginePrototype\GeneticEnginePrototype.csproj", "{87EEE188-C48A-4925-A3D8-0F5780F85E8D}"
EndProject
Project("{FAE04EC0-301F-11D3-BF4B-00C04F79EFBC}") = "CITS3200GeneticEngine", "GeneticEngine\CITS3200GeneticEngine.csproj", "{F42AB250-665B-41C3-B772-518D01659D32}"
EndProject
Project("{FAE04EC0-301F-11D3-BF4B-00C04F79EFBC}") = "GeneticEnginePlugin", "GeneticEnginePlugin\GeneticEnginePlugin.csproj", "{25B2A245-A242-4F2A-9E82-B73AA0FCC04D}"
EndProject
Project("{FAE04EC0-301F-11D3-BF4B-00C04F79EFBC}") = "EightQueens", "EightQueens\EightQueens.csproj", "{521FC102-C1DB-4BBF-9FBD-31DC8ECAD8EA}"
EndProject
Project("{FAE04EC0-301F-11D3-BF4B-00C04F79EFBC}") = "GenericPlugins", "GenericPlugins\GenericPlugins.csproj", "{756BA368-C28A-4278-94D6-F8809F7F5C42}"
EndProject
Global
	GlobalSection(SolutionConfigurationPlatforms) = preSolution
		Debug|Any CPU = Debug|Any CPU
		Debug|Mixed Platforms = Debug|Mixed Platforms
		Debug|x86 = Debug|x86
		Release|Any CPU = Release|Any CPU
		Release|Mixed Platforms = Release|Mixed Platforms
		Release|x86 = Release|x86
	EndGlobalSection
	GlobalSection(ProjectConfigurationPlatforms) = postSolution
		{87EEE188-C48A-4925-A3D8-0F5780F85E8D}.Debug|Any CPU.ActiveCfg = Debug|x86
		{87EEE188-C48A-4925-A3D8-0F5780F85E8D}.Debug|Mixed Platforms.ActiveCfg = Debug|x86
		{87EEE188-C48A-4925-A3D8-0F5780F85E8D}.Debug|Mixed Platforms.Build.0 = Debug|x86
		{87EEE188-C48A-4925-A3D8-0F5780F85E8D}.Debug|x86.ActiveCfg = Debug|x86
		{87EEE188-C48A-4925-A3D8-0F5780F85E8D}.Debug|x86.Build.0 = Debug|x86
		{87EEE188-C48A-4925-A3D8-0F5780F85E8D}.Release|Any CPU.ActiveCfg = Release|x86
		{87EEE188-C48A-4925-A3D8-0F5780F85E8D}.Release|Mixed Platforms.ActiveCfg = Release|x86
		{87EEE188-C48A-4925-A3D8-0F5780F85E8D}.Release|Mixed Platforms.Build.0 = Release|x86
		{87EEE188-C48A-4925-A3D8-0F5780F85E8D}.Release|x86.ActiveCfg = Release|x86
		{87EEE188-C48A-4925-A3D8-0F5780F85E8D}.Release|x86.Build.0 = Release|x86
		{F42AB250-665B-41C3-B772-518D01659D32}.Debug|Any CPU.ActiveCfg = Debug|Any CPU
		{F42AB250-665B-41C3-B772-518D01659D32}.Debug|Any CPU.Build.0 = Debug|Any CPU
		{F42AB250-665B-41C3-B772-518D01659D32}.Debug|Mixed Platforms.ActiveCfg = Debug|Any CPU
		{F42AB250-665B-41C3-B772-518D01659D32}.Debug|Mixed Platforms.Build.0 = Debug|Any CPU
		{F42AB250-665B-41C3-B772-518D01659D32}.Debug|x86.ActiveCfg = Debug|Any CPU
		{F42AB250-665B-41C3-B772-518D01659D32}.Release|Any CPU.ActiveCfg = Release|Any CPU
		{F42AB250-665B-41C3-B772-518D01659D32}.Release|Any CPU.Build.0 = Release|Any CPU
		{F42AB250-665B-41C3-B772-518D01659D32}.Release|Mixed Platforms.ActiveCfg = Release|Any CPU
		{F42AB250-665B-41C3-B772-518D01659D32}.Release|Mixed Platforms.Build.0 = Release|Any CPU
		{F42AB250-665B-41C3-B772-518D01659D32}.Release|x86.ActiveCfg = Release|Any CPU
		{25B2A245-A242-4F2A-9E82-B73AA0FCC04D}.Debug|Any CPU.ActiveCfg = Debug|Any CPU
		{25B2A245-A242-4F2A-9E82-B73AA0FCC04D}.Debug|Any CPU.Build.0 = Debug|Any CPU
		{25B2A245-A242-4F2A-9E82-B73AA0FCC04D}.Debug|Mixed Platforms.ActiveCfg = Debug|Any CPU
		{25B2A245-A242-4F2A-9E82-B73AA0FCC04D}.Debug|Mixed Platforms.Build.0 = Debug|Any CPU
		{25B2A245-A242-4F2A-9E82-B73AA0FCC04D}.Debug|x86.ActiveCfg = Debug|Any CPU
		{25B2A245-A242-4F2A-9E82-B73AA0FCC04D}.Release|Any CPU.ActiveCfg = Release|Any CPU
		{25B2A245-A242-4F2A-9E82-B73AA0FCC04D}.Release|Any CPU.Build.0 = Release|Any CPU
		{25B2A245-A242-4F2A-9E82-B73AA0FCC04D}.Release|Mixed Platforms.ActiveCfg = Release|Any CPU
		{25B2A245-A242-4F2A-9E82-B73AA0FCC04D}.Release|Mixed Platforms.Build.0 = Release|Any CPU
		{25B2A245-A242-4F2A-9E82-B73AA0FCC04D}.Release|x86.ActiveCfg = Release|Any CPU
		{521FC102-C1DB-4BBF-9FBD-31DC8ECAD8EA}.Debug|Any CPU.ActiveCfg = Debug|Any CPU
		{521FC102-C1DB-4BBF-9FBD-31DC8ECAD8EA}.Debug|Any CPU.Build.0 = Debug|Any CPU
		{521FC102-C1DB-4BBF-9FBD-31DC8ECAD8EA}.Debug|Mixed Platforms.ActiveCfg = Debug|Any CPU
		{521FC102-C1DB-4BBF-9FBD-31DC8ECAD8EA}.Debug|Mixed Platforms.Build.0 = Debug|Any CPU
		{521FC102-C1DB-4BBF-9FBD-31DC8ECAD8EA}.Debug|x86.ActiveCfg = Debug|Any CPU
		{521FC102-C1DB-4BBF-9FBD-31DC8ECAD8EA}.Release|Any CPU.ActiveCfg = Release|Any CPU
		{521FC102-C1DB-4BBF-9FBD-31DC8ECAD8EA}.Release|Any CPU.Build.0 = Release|Any CPU
		{521FC102-C1DB-4BBF-9FBD-31DC8ECAD8EA}.Release|Mixed Platforms.ActiveCfg = Release|Any CPU
		{521FC102-C1DB-4BBF-9FBD-31DC8ECAD8EA}.Release|Mixed Platforms.Build.0 = Release|Any CPU
		{521FC102-C1DB-4BBF-9FBD-31DC8ECAD8EA}.Release|x86.ActiveCfg = Release|Any CPU
		{756BA368-C28A-4278-94D6-F8809F7F5C42}.Debug|Any CPU.ActiveCfg = Debug|Any CPU
		{756BA368-C28A-4278-94D6-F8809F7F5C42}.Debug|Any CPU.Build.0 = Debug|Any CPU
		{756BA368-C28A-4278-94D6-F8809F7F5C42}.Debug|Mixed Platforms.ActiveCfg = Debug|Any CPU
		{756BA368-C28A-4278-94D6-F8809F7F5C42}.Debug|Mixed Platforms.Build.0 = Debug|Any CPU
		{756BA368-C28A-4278-94D6-F8809F7F5C42}.Debug|x86.ActiveCfg = Debug|Any CPU
		{756BA368-C28A-4278-94D6-F8809F7F5C42}.Release|Any CPU.ActiveCfg = Release|Any CPU
		{756BA368-C28A-4278-94D6-F8809F7F5C42}.Release|Any CPU.Build.0 = Release|Any CPU
		{756BA368-C28A-4278-94D6-F8809F7F5C42}.Release|Mixed Platforms.ActiveCfg = Release|Any CPU
		{756BA368-C28A-4278-94D6-F8809F7F5C42}.Release|Mixed Platforms.Build.0 = Release|Any CPU
		{756BA368-C28A-4278-94D6-F8809F7F5C42}.Release|x86.ActiveCfg = Release|Any CPU
	EndGlobalSection
	GlobalSection(SolutionProperties) = preSolution
		HideSolutionNode = FALSE
	EndGlobalSection
EndGlobal
